// !$*UTF8*$!
{
	archiveVersion = 1;
	classes = {
	};
	objectVersion = 56;
	objects = {

/* Begin PBXBuildFile section */
		A60945732FFA6272000482FF /* User.swift in Sources */ = {isa = PBXBuildFile; fileRef = A60945722FFA6272000482FF /* User.swift */; };
		A60945752FFA6313000482FF /* AuthManger.swift in Sources */ = {isa = PBXBuildFile; fileRef = A60945742FFA6313000482FF /* AuthManger.swift */; };
		A60945772FFA6512000482FF /* HomeView.swift in Sources */ = {isa = PBXBuildFile; fileRef = A60945762FFA6512000482FF /* HomeView.swift */; };
		A609457A2FFAEDF3000482FF /* CurriculumModels.swift in Sources */ = {isa = PBXBuildFile; fileRef = A60945792FFAEDF3000482FF /* CurriculumModels.swift */; };
		A609457C2FFAEF77000482FF /* CurriculumData.swift in Sources */ = {isa = PBXBuildFile; fileRef = A609457B2FFAEF77000482FF /* CurriculumData.swift */; };
		A60945802FFAF1D5000482FF /* SubjectListView.swift in Sources */ = {isa = PBXBuildFile; fileRef = A609457F2FFAF1D5000482FF /* SubjectListView.swift */; };
		A60945822FFAF2D8000482FF /* ContentHubView.swift in Sources */ = {isa = PBXBuildFile; fileRef = A60945812FFAF2D8000482FF /* ContentHubView.swift */; };
		A60945842FFAF330000482FF /* PDFViewerScreen.swift in Sources */ = {isa = PBXBuildFile; fileRef = A60945832FFAF330000482FF /* PDFViewerScreen.swift */; };
		A60945862FFAF396000482FF /* VideoPlayerScreen.swift in Sources */ = {isa = PBXBuildFile; fileRef = A60945852FFAF396000482FF /* VideoPlayerScreen.swift */; };
		A653EFEC3001D6B000059F79 /* OptionalsListView.swift in Sources */ = {isa = PBXBuildFile; fileRef = A653EFEB3001D6B000059F79 /* OptionalsListView.swift */; };
		A653EFEE3001D74B00059F79 /* SubjectCardView.swift in Sources */ = {isa = PBXBuildFile; fileRef = A653EFED3001D74B00059F79 /* SubjectCardView.swift */; };
		A653EFF03001FE9300059F79 /* PapersLibraryView.swift in Sources */ = {isa = PBXBuildFile; fileRef = A653EFEF3001FE9300059F79 /* PapersLibraryView.swift */; };
		A653EFF230025F3A00059F79 /* StatsManager.swift in Sources */ = {isa = PBXBuildFile; fileRef = A653EFF130025F3900059F79 /* StatsManager.swift */; };
		A653EFF63002609300059F79 /* BrowseLevelsView.swift in Sources */ = {isa = PBXBuildFile; fileRef = A653EFF53002609300059F79 /* BrowseLevelsView.swift */; };
		A653EFF8300260DD00059F79 /* SavedItemsView.swift in Sources */ = {isa = PBXBuildFile; fileRef = A653EFF7300260DD00059F79 /* SavedItemsView.swift */; };
		A653EFFA300265CA00059F79 /* EmailVerificationView.swift in Sources */ = {isa = PBXBuildFile; fileRef = A653EFF9300265CA00059F79 /* EmailVerificationView.swift */; };
		A654082A2FF9BFB000FE3C33 /* Tricon_Academy_AppApp.swift in Sources */ = {isa = PBXBuildFile; fileRef = A65408292FF9BFB000FE3C33 /* Tricon_Academy_AppApp.swift */; };
		A654082E2FF9BFB300FE3C33 /* Assets.xcassets in Resources */ = {isa = PBXBuildFile; fileRef = A654082D2FF9BFB300FE3C33 /* Assets.xcassets */; };
		A65408312FF9BFB300FE3C33 /* Preview Assets.xcassets in Resources */ = {isa = PBXBuildFile; fileRef = A65408302FF9BFB300FE3C33 /* Preview Assets.xcassets */; };
		A65408402FF9BFB400FE3C33 /* Tricon_Academy_AppTests.swift in Sources */ = {isa = PBXBuildFile; fileRef = A654083F2FF9BFB400FE3C33 /* Tricon_Academy_AppTests.swift */; };
		A654084A2FF9BFB400FE3C33 /* Tricon_Academy_AppUITests.swift in Sources */ = {isa = PBXBuildFile; fileRef = A65408492FF9BFB400FE3C33 /* Tricon_Academy_AppUITests.swift */; };
		A654084C2FF9BFB400FE3C33 /* Tricon_Academy_AppUITestsLaunchTests.swift in Sources */ = {isa = PBXBuildFile; fileRef = A654084B2FF9BFB400FE3C33 /* Tricon_Academy_AppUITestsLaunchTests.swift */; };
		A67115CA2FFA3F69008822FE /* Onboarding.swift in Sources */ = {isa = PBXBuildFile; fileRef = A67115C92FFA3F69008822FE /* Onboarding.swift */; };
		A67115CC2FFA3F91008822FE /* RegisterView.swift in Sources */ = {isa = PBXBuildFile; fileRef = A67115CB2FFA3F91008822FE /* RegisterView.swift */; };
		A67115CE2FFA3FBF008822FE /* LoginView.swift in Sources */ = {isa = PBXBuildFile; fileRef = A67115CD2FFA3FBF008822FE /* LoginView.swift */; };
		A6AD75092FFB20B800C2A92F /* AdminHomeView.swift in Sources */ = {isa = PBXBuildFile; fileRef = A6AD75082FFB20B800C2A92F /* AdminHomeView.swift */; };
		A6AD750B2FFB215800C2A92F /* UploadLessonView.swift in Sources */ = {isa = PBXBuildFile; fileRef = A6AD750A2FFB215800C2A92F /* UploadLessonView.swift */; };
		A6B1C0013003A00100059F79 /* MainTabView.swift in Sources */ = {isa = PBXBuildFile; fileRef = A6B1C0003003A00100059F79 /* MainTabView.swift */; };
		A6B1C0033003A00200059F79 /* ProfileView.swift in Sources */ = {isa = PBXBuildFile; fileRef = A6B1C0023003A00200059F79 /* ProfileView.swift */; };
		A6B1C0053003A00300059F79 /* BrowseView.swift in Sources */ = {isa = PBXBuildFile; fileRef = A6B1C0043003A00300059F79 /* BrowseView.swift */; };
		A7E10001200A000100059F79 /* EmailConfig.swift in Sources */ = {isa = PBXBuildFile; fileRef = A7E10000200A000100059F79 /* EmailConfig.swift */; };
		A7E10003200A000200059F79 /* EmailService.swift in Sources */ = {isa = PBXBuildFile; fileRef = A7E10002200A000200059F79 /* EmailService.swift */; };
		A8F10001200B000100059F79 /* SavedItemsManager.swift in Sources */ = {isa = PBXBuildFile; fileRef = A8F10000200B000100059F79 /* SavedItemsManager.swift */; };
		A8F10003200B000200059F79 /* ContentLibrary.swift in Sources */ = {isa = PBXBuildFile; fileRef = A8F10002200B000200059F79 /* ContentLibrary.swift */; };
		A9C10001200C000100059F79 /* AppSettings.swift in Sources */ = {isa = PBXBuildFile; fileRef = A9C10000200C000100059F79 /* AppSettings.swift */; };
		A9C10003200C000200059F79 /* SettingsView.swift in Sources */ = {isa = PBXBuildFile; fileRef = A9C10002200C000200059F79 /* SettingsView.swift */; };
		A9D100012016000100059F79 /* DesignSystem.swift in Sources */ = {isa = PBXBuildFile; fileRef = A9D100002016000100059F79 /* DesignSystem.swift */; };
		A9S20001200E000100059F79 /* SupabaseConfig.swift in Sources */ = {isa = PBXBuildFile; fileRef = A9S20000200E000100059F79 /* SupabaseConfig.swift */; };
		A9S20003200E000200059F79 /* SupabaseClient.swift in Sources */ = {isa = PBXBuildFile; fileRef = A9S20002200E000200059F79 /* SupabaseClient.swift */; };
		A9S20005200E000300059F79 /* SupabaseModels.swift in Sources */ = {isa = PBXBuildFile; fileRef = A9S20004200E000300059F79 /* SupabaseModels.swift */; };
		A9S30001200F000100059F79 /* ResetPasswordConfirmView.swift in Sources */ = {isa = PBXBuildFile; fileRef = A9S30000200F000100059F79 /* ResetPasswordConfirmView.swift */; };
		A9L400012010000100059F79 /* LevelPickerComponents.swift in Sources */ = {isa = PBXBuildFile; fileRef = A9L400002010000100059F79 /* LevelPickerComponents.swift */; };
		A9L500012011000100059F79 /* LibraryModels.swift in Sources */ = {isa = PBXBuildFile; fileRef = A9L500002011000100059F79 /* LibraryModels.swift */; };
		A9L500032011000200059F79 /* TriconAcademyLibraryView.swift in Sources */ = {isa = PBXBuildFile; fileRef = A9L500022011000200059F79 /* TriconAcademyLibraryView.swift */; };
		A9L600012012000100059F79 /* StudentWelcomeOnboardingView.swift in Sources */ = {isa = PBXBuildFile; fileRef = A9L600002012000100059F79 /* StudentWelcomeOnboardingView.swift */; };
		A9L600032012000200059F79 /* StudentsAdminView.swift in Sources */ = {isa = PBXBuildFile; fileRef = A9L600022012000200059F79 /* StudentsAdminView.swift */; };
		A9L700012013000100059F79 /* SuperAdminDashboardView.swift in Sources */ = {isa = PBXBuildFile; fileRef = A9L700002013000100059F79 /* SuperAdminDashboardView.swift */; };
		A9L800012014000100059F79 /* TutorApplicationView.swift in Sources */ = {isa = PBXBuildFile; fileRef = A9L800002014000100059F79 /* TutorApplicationView.swift */; };
		A9L800032014000200059F79 /* AcademySupport.swift in Sources */ = {isa = PBXBuildFile; fileRef = A9L800022014000200059F79 /* AcademySupport.swift */; };
		A9L900012015000100059F79 /* LibraryBookStore.swift in Sources */ = {isa = PBXBuildFile; fileRef = A9L900002015000100059F79 /* LibraryBookStore.swift */; };
		A9LB00012016000100059F79 /* UploadLibraryBookView.swift in Sources */ = {isa = PBXBuildFile; fileRef = A9LB00002016000100059F79 /* UploadLibraryBookView.swift */; };
		A9LB00032016000200059F79 /* LibraryBookReviewView.swift in Sources */ = {isa = PBXBuildFile; fileRef = A9LB00022016000200059F79 /* LibraryBookReviewView.swift */; };
/* End PBXBuildFile section */

/* Begin PBXContainerItemProxy section */
		A654083C2FF9BFB400FE3C33 /* PBXContainerItemProxy */ = {
			isa = PBXContainerItemProxy;
			containerPortal = A654081E2FF9BFAF00FE3C33 /* Project object */;
			proxyType = 1;
			remoteGlobalIDString = A65408252FF9BFB000FE3C33;
			remoteInfo = "Tricon Academy App";
		};
		A65408462FF9BFB400FE3C33 /* PBXContainerItemProxy */ = {
			isa = PBXContainerItemProxy;
			containerPortal = A654081E2FF9BFAF00FE3C33 /* Project object */;
			proxyType = 1;
			remoteGlobalIDString = A65408252FF9BFB000FE3C33;
			remoteInfo = "Tricon Academy App";
		};
/* End PBXContainerItemProxy section */

/* Begin PBXFileReference section */
		A60945722FFA6272000482FF /* User.swift */ = {isa = PBXFileReference; lastKnownFileType = sourcecode.swift; path = User.swift; sourceTree = "<group>"; };
		A60945742FFA6313000482FF /* AuthManger.swift */ = {isa = PBXFileReference; lastKnownFileType = sourcecode.swift; path = AuthManger.swift; sourceTree = "<group>"; };
		A60945762FFA6512000482FF /* HomeView.swift */ = {isa = PBXFileReference; lastKnownFileType = sourcecode.swift; path = HomeView.swift; sourceTree = "<group>"; };
		A60945792FFAEDF3000482FF /* CurriculumModels.swift */ = {isa = PBXFileReference; lastKnownFileType = sourcecode.swift; path = CurriculumModels.swift; sourceTree = "<group>"; };
		A609457B2FFAEF77000482FF /* CurriculumData.swift */ = {isa = PBXFileReference; lastKnownFileType = sourcecode.swift; path = CurriculumData.swift; sourceTree = "<group>"; };
		A609457F2FFAF1D5000482FF /* SubjectListView.swift */ = {isa = PBXFileReference; lastKnownFileType = sourcecode.swift; path = SubjectListView.swift; sourceTree = "<group>"; };
		A60945812FFAF2D8000482FF /* ContentHubView.swift */ = {isa = PBXFileReference; lastKnownFileType = sourcecode.swift; path = ContentHubView.swift; sourceTree = "<group>"; };
		A60945832FFAF330000482FF /* PDFViewerScreen.swift */ = {isa = PBXFileReference; lastKnownFileType = sourcecode.swift; path = PDFViewerScreen.swift; sourceTree = "<group>"; };
		A60945852FFAF396000482FF /* VideoPlayerScreen.swift */ = {isa = PBXFileReference; lastKnownFileType = sourcecode.swift; path = VideoPlayerScreen.swift; sourceTree = "<group>"; };
		A653EFEB3001D6B000059F79 /* OptionalsListView.swift */ = {isa = PBXFileReference; lastKnownFileType = sourcecode.swift; path = OptionalsListView.swift; sourceTree = "<group>"; };
		A653EFED3001D74B00059F79 /* SubjectCardView.swift */ = {isa = PBXFileReference; lastKnownFileType = sourcecode.swift; path = SubjectCardView.swift; sourceTree = "<group>"; };
		A653EFEF3001FE9300059F79 /* PapersLibraryView.swift */ = {isa = PBXFileReference; lastKnownFileType = sourcecode.swift; path = PapersLibraryView.swift; sourceTree = "<group>"; };
		A653EFF130025F3900059F79 /* StatsManager.swift */ = {isa = PBXFileReference; lastKnownFileType = sourcecode.swift; path = StatsManager.swift; sourceTree = "<group>"; };
		A653EFF53002609300059F79 /* BrowseLevelsView.swift */ = {isa = PBXFileReference; lastKnownFileType = sourcecode.swift; path = BrowseLevelsView.swift; sourceTree = "<group>"; };
		A653EFF7300260DD00059F79 /* SavedItemsView.swift */ = {isa = PBXFileReference; lastKnownFileType = sourcecode.swift; path = SavedItemsView.swift; sourceTree = "<group>"; };
		A653EFF9300265CA00059F79 /* EmailVerificationView.swift */ = {isa = PBXFileReference; lastKnownFileType = sourcecode.swift; path = EmailVerificationView.swift; sourceTree = "<group>"; };
		A65408262FF9BFB000FE3C33 /* Tricon Academy App.app */ = {isa = PBXFileReference; explicitFileType = wrapper.application; includeInIndex = 0; path = "Tricon Academy App.app"; sourceTree = BUILT_PRODUCTS_DIR; };
		A65408292FF9BFB000FE3C33 /* Tricon_Academy_AppApp.swift */ = {isa = PBXFileReference; lastKnownFileType = sourcecode.swift; path = Tricon_Academy_AppApp.swift; sourceTree = "<group>"; };
		A654082D2FF9BFB300FE3C33 /* Assets.xcassets */ = {isa = PBXFileReference; lastKnownFileType = folder.assetcatalog; path = Assets.xcassets; sourceTree = "<group>"; };
		A65408302FF9BFB300FE3C33 /* Preview Assets.xcassets */ = {isa = PBXFileReference; lastKnownFileType = folder.assetcatalog; path = "Preview Assets.xcassets"; sourceTree = "<group>"; };
		A654083B2FF9BFB400FE3C33 /* Tricon Academy AppTests.xctest */ = {isa = PBXFileReference; explicitFileType = wrapper.cfbundle; includeInIndex = 0; path = "Tricon Academy AppTests.xctest"; sourceTree = BUILT_PRODUCTS_DIR; };
		A654083F2FF9BFB400FE3C33 /* Tricon_Academy_AppTests.swift */ = {isa = PBXFileReference; lastKnownFileType = sourcecode.swift; path = Tricon_Academy_AppTests.swift; sourceTree = "<group>"; };
		A65408452FF9BFB400FE3C33 /* Tricon Academy AppUITests.xctest */ = {isa = PBXFileReference; explicitFileType = wrapper.cfbundle; includeInIndex = 0; path = "Tricon Academy AppUITests.xctest"; sourceTree = BUILT_PRODUCTS_DIR; };
		A65408492FF9BFB400FE3C33 /* Tricon_Academy_AppUITests.swift */ = {isa = PBXFileReference; lastKnownFileType = sourcecode.swift; path = Tricon_Academy_AppUITests.swift; sourceTree = "<group>"; };
		A654084B2FF9BFB400FE3C33 /* Tricon_Academy_AppUITestsLaunchTests.swift */ = {isa = PBXFileReference; lastKnownFileType = sourcecode.swift; path = Tricon_Academy_AppUITestsLaunchTests.swift; sourceTree = "<group>"; };
		A67115C92FFA3F69008822FE /* Onboarding.swift */ = {isa = PBXFileReference; lastKnownFileType = sourcecode.swift; path = Onboarding.swift; sourceTree = "<group>"; };
		A67115CB2FFA3F91008822FE /* RegisterView.swift */ = {isa = PBXFileReference; lastKnownFileType = sourcecode.swift; path = RegisterView.swift; sourceTree = "<group>"; };
		A67115CD2FFA3FBF008822FE /* LoginView.swift */ = {isa = PBXFileReference; lastKnownFileType = sourcecode.swift; path = LoginView.swift; sourceTree = "<group>"; };
		A6AD75082FFB20B800C2A92F /* AdminHomeView.swift */ = {isa = PBXFileReference; lastKnownFileType = sourcecode.swift; path = AdminHomeView.swift; sourceTree = "<group>"; };
		A6AD750A2FFB215800C2A92F /* UploadLessonView.swift */ = {isa = PBXFileReference; lastKnownFileType = sourcecode.swift; path = UploadLessonView.swift; sourceTree = "<group>"; };
		A6B1C0003003A00100059F79 /* MainTabView.swift */ = {isa = PBXFileReference; lastKnownFileType = sourcecode.swift; path = MainTabView.swift; sourceTree = "<group>"; };
		A6B1C0023003A00200059F79 /* ProfileView.swift */ = {isa = PBXFileReference; lastKnownFileType = sourcecode.swift; path = ProfileView.swift; sourceTree = "<group>"; };
		A6B1C0043003A00300059F79 /* BrowseView.swift */ = {isa = PBXFileReference; lastKnownFileType = sourcecode.swift; path = BrowseView.swift; sourceTree = "<group>"; };
		A7E10000200A000100059F79 /* EmailConfig.swift */ = {isa = PBXFileReference; lastKnownFileType = sourcecode.swift; path = EmailConfig.swift; sourceTree = "<group>"; };
		A7E10002200A000200059F79 /* EmailService.swift */ = {isa = PBXFileReference; lastKnownFileType = sourcecode.swift; path = EmailService.swift; sourceTree = "<group>"; };
		A7E10006200A000400059F79 /* Tricon_Academy_App.entitlements */ = {isa = PBXFileReference; lastKnownFileType = text.plist.entitlements; path = Tricon_Academy_App.entitlements; sourceTree = "<group>"; };
		A8F10000200B000100059F79 /* SavedItemsManager.swift */ = {isa = PBXFileReference; lastKnownFileType = sourcecode.swift; path = SavedItemsManager.swift; sourceTree = "<group>"; };
		A8F10002200B000200059F79 /* ContentLibrary.swift */ = {isa = PBXFileReference; lastKnownFileType = sourcecode.swift; path = ContentLibrary.swift; sourceTree = "<group>"; };
		A9C10000200C000100059F79 /* AppSettings.swift */ = {isa = PBXFileReference; lastKnownFileType = sourcecode.swift; path = AppSettings.swift; sourceTree = "<group>"; };
		A9C10002200C000200059F79 /* SettingsView.swift */ = {isa = PBXFileReference; lastKnownFileType = sourcecode.swift; path = SettingsView.swift; sourceTree = "<group>"; };
		A9D100002016000100059F79 /* DesignSystem.swift */ = {isa = PBXFileReference; lastKnownFileType = sourcecode.swift; path = DesignSystem.swift; sourceTree = "<group>"; };
		A9S20000200E000100059F79 /* SupabaseConfig.swift */ = {isa = PBXFileReference; lastKnownFileType = sourcecode.swift; path = SupabaseConfig.swift; sourceTree = "<group>"; };
		A9S20002200E000200059F79 /* SupabaseClient.swift */ = {isa = PBXFileReference; lastKnownFileType = sourcecode.swift; path = SupabaseClient.swift; sourceTree = "<group>"; };
		A9S20004200E000300059F79 /* SupabaseModels.swift */ = {isa = PBXFileReference; lastKnownFileType = sourcecode.swift; path = SupabaseModels.swift; sourceTree = "<group>"; };
		A9S30000200F000100059F79 /* ResetPasswordConfirmView.swift */ = {isa = PBXFileReference; lastKnownFileType = sourcecode.swift; path = ResetPasswordConfirmView.swift; sourceTree = "<group>"; };
		A9S30002200F000200059F79 /* Info.plist */ = {isa = PBXFileReference; lastKnownFileType = text.plist.xml; path = Info.plist; sourceTree = "<group>"; };
		A9L400002010000100059F79 /* LevelPickerComponents.swift */ = {isa = PBXFileReference; lastKnownFileType = sourcecode.swift; path = LevelPickerComponents.swift; sourceTree = "<group>"; };
		A9L500002011000100059F79 /* LibraryModels.swift */ = {isa = PBXFileReference; lastKnownFileType = sourcecode.swift; path = LibraryModels.swift; sourceTree = "<group>"; };
		A9L500022011000200059F79 /* TriconAcademyLibraryView.swift */ = {isa = PBXFileReference; lastKnownFileType = sourcecode.swift; path = TriconAcademyLibraryView.swift; sourceTree = "<group>"; };
		A9L600002012000100059F79 /* StudentWelcomeOnboardingView.swift */ = {isa = PBXFileReference; lastKnownFileType = sourcecode.swift; path = StudentWelcomeOnboardingView.swift; sourceTree = "<group>"; };
		A9L600022012000200059F79 /* StudentsAdminView.swift */ = {isa = PBXFileReference; lastKnownFileType = sourcecode.swift; path = StudentsAdminView.swift; sourceTree = "<group>"; };
		A9L700002013000100059F79 /* SuperAdminDashboardView.swift */ = {isa = PBXFileReference; lastKnownFileType = sourcecode.swift; path = SuperAdminDashboardView.swift; sourceTree = "<group>"; };
		A9L800002014000100059F79 /* TutorApplicationView.swift */ = {isa = PBXFileReference; lastKnownFileType = sourcecode.swift; path = TutorApplicationView.swift; sourceTree = "<group>"; };
		A9L800022014000200059F79 /* AcademySupport.swift */ = {isa = PBXFileReference; lastKnownFileType = sourcecode.swift; path = AcademySupport.swift; sourceTree = "<group>"; };
		A9L900002015000100059F79 /* LibraryBookStore.swift */ = {isa = PBXFileReference; lastKnownFileType = sourcecode.swift; path = LibraryBookStore.swift; sourceTree = "<group>"; };
		A9LB00002016000100059F79 /* UploadLibraryBookView.swift */ = {isa = PBXFileReference; lastKnownFileType = sourcecode.swift; path = UploadLibraryBookView.swift; sourceTree = "<group>"; };
		A9LB00022016000200059F79 /* LibraryBookReviewView.swift */ = {isa = PBXFileReference; lastKnownFileType = sourcecode.swift; path = LibraryBookReviewView.swift; sourceTree = "<group>"; };
/* End PBXFileReference section */

/* Begin PBXFrameworksBuildPhase section */
		A65408232FF9BFB000FE3C33 /* Frameworks */ = {
			isa = PBXFrameworksBuildPhase;
			buildActionMask = 2147483647;
			files = (
			);
			runOnlyForDeploymentPostprocessing = 0;
		};
		A65408382FF9BFB400FE3C33 /* Frameworks */ = {
			isa = PBXFrameworksBuildPhase;
			buildActionMask = 2147483647;
			files = (
			);
			runOnlyForDeploymentPostprocessing = 0;
		};
		A65408422FF9BFB400FE3C33 /* Frameworks */ = {
			isa = PBXFrameworksBuildPhase;
			buildActionMask = 2147483647;
			files = (
			);
			runOnlyForDeploymentPostprocessing = 0;
		};
/* End PBXFrameworksBuildPhase section */

/* Begin PBXGroup section */
		A60945782FFAED8F000482FF /* Curriculum */ = {
			isa = PBXGroup;
			children = (
				A60945792FFAEDF3000482FF /* CurriculumModels.swift */,
				A609457B2FFAEF77000482FF /* CurriculumData.swift */,
			);
			path = Curriculum;
			sourceTree = "<group>";
		};
		A654081D2FF9BFAF00FE3C33 = {
			isa = PBXGroup;
			children = (
				A65408282FF9BFB000FE3C33 /* Tricon Academy App */,
				A654083E2FF9BFB400FE3C33 /* Tricon Academy AppTests */,
				A65408482FF9BFB400FE3C33 /* Tricon Academy AppUITests */,
				A65408272FF9BFB000FE3C33 /* Products */,
			);
			sourceTree = "<group>";
		};
		A65408272FF9BFB000FE3C33 /* Products */ = {
			isa = PBXGroup;
			children = (
				A65408262FF9BFB000FE3C33 /* Tricon Academy App.app */,
				A654083B2FF9BFB400FE3C33 /* Tricon Academy AppTests.xctest */,
				A65408452FF9BFB400FE3C33 /* Tricon Academy AppUITests.xctest */,
			);
			name = Products;
			sourceTree = "<group>";
		};
		A65408282FF9BFB000FE3C33 /* Tricon Academy App */ = {
			isa = PBXGroup;
			children = (
				A65408592FF9BFD800FE3C33 /* views */,
				A65408582FF9BFCB00FE3C33 /* Model */,
				A65408292FF9BFB000FE3C33 /* Tricon_Academy_AppApp.swift */,
				A654082D2FF9BFB300FE3C33 /* Assets.xcassets */,
				A60945742FFA6313000482FF /* AuthManger.swift */,
				A7E10006200A000400059F79 /* Tricon_Academy_App.entitlements */,
				A9S30002200F000200059F79 /* Info.plist */,
				A654082F2FF9BFB300FE3C33 /* Preview Content */,
			);
			path = "Tricon Academy App";
			sourceTree = "<group>";
		};
		A654082F2FF9BFB300FE3C33 /* Preview Content */ = {
			isa = PBXGroup;
			children = (
				A65408302FF9BFB300FE3C33 /* Preview Assets.xcassets */,
			);
			path = "Preview Content";
			sourceTree = "<group>";
		};
		A654083E2FF9BFB400FE3C33 /* Tricon Academy AppTests */ = {
			isa = PBXGroup;
			children = (
				A654083F2FF9BFB400FE3C33 /* Tricon_Academy_AppTests.swift */,
			);
			path = "Tricon Academy AppTests";
			sourceTree = "<group>";
		};
		A65408482FF9BFB400FE3C33 /* Tricon Academy AppUITests */ = {
			isa = PBXGroup;
			children = (
				A65408492FF9BFB400FE3C33 /* Tricon_Academy_AppUITests.swift */,
				A654084B2FF9BFB400FE3C33 /* Tricon_Academy_AppUITestsLaunchTests.swift */,
			);
			path = "Tricon Academy AppUITests";
			sourceTree = "<group>";
		};
		A65408582FF9BFCB00FE3C33 /* Model */ = {
			isa = PBXGroup;
			children = (
				A60945782FFAED8F000482FF /* Curriculum */,
				A9S20006200E000400059F79 /* Supabase */,
				A9L500002011000100059F79 /* LibraryModels.swift */,
				A9L800022014000200059F79 /* AcademySupport.swift */,
				A9L900002015000100059F79 /* LibraryBookStore.swift */,
				A60945722FFA6272000482FF /* User.swift */,
				A653EFF130025F3900059F79 /* StatsManager.swift */,
				A8F10000200B000100059F79 /* SavedItemsManager.swift */,
				A8F10002200B000200059F79 /* ContentLibrary.swift */,
				A9C10000200C000100059F79 /* AppSettings.swift */,
				A7E10000200A000100059F79 /* EmailConfig.swift */,
				A7E10002200A000200059F79 /* EmailService.swift */,
			);
			path = Model;
			sourceTree = "<group>";
		};
		A9S20006200E000400059F79 /* Supabase */ = {
			isa = PBXGroup;
			children = (
				A9S20000200E000100059F79 /* SupabaseConfig.swift */,
				A9S20002200E000200059F79 /* SupabaseClient.swift */,
				A9S20004200E000300059F79 /* SupabaseModels.swift */,
			);
			path = Supabase;
			sourceTree = "<group>";
		};
		A65408592FF9BFD800FE3C33 /* views */ = {
			isa = PBXGroup;
			children = (
				A67115C82FFA3F44008822FE /* Authentication */,
				A6B1C0003003A00100059F79 /* MainTabView.swift */,
				A6B1C0043003A00300059F79 /* BrowseView.swift */,
				A6B1C0023003A00200059F79 /* ProfileView.swift */,
				A9C10002200C000200059F79 /* SettingsView.swift */,
				A9D100002016000100059F79 /* DesignSystem.swift */,
				A9L400002010000100059F79 /* LevelPickerComponents.swift */,
				A9L500022011000200059F79 /* TriconAcademyLibraryView.swift */,
				A609457F2FFAF1D5000482FF /* SubjectListView.swift */,
				A60945812FFAF2D8000482FF /* ContentHubView.swift */,
				A60945832FFAF330000482FF /* PDFViewerScreen.swift */,
				A60945852FFAF396000482FF /* VideoPlayerScreen.swift */,
				A653EFED3001D74B00059F79 /* SubjectCardView.swift */,
				A653EFEB3001D6B000059F79 /* OptionalsListView.swift */,
				A653EFEF3001FE9300059F79 /* PapersLibraryView.swift */,
				A653EFF53002609300059F79 /* BrowseLevelsView.swift */,
				A653EFF7300260DD00059F79 /* SavedItemsView.swift */,
			);
			path = views;
			sourceTree = "<group>";
		};
		A67115C82FFA3F44008822FE /* Authentication */ = {
			isa = PBXGroup;
			children = (
				A60945762FFA6512000482FF /* HomeView.swift */,
				A67115C92FFA3F69008822FE /* Onboarding.swift */,
				A67115CD2FFA3FBF008822FE /* LoginView.swift */,
				A67115CB2FFA3F91008822FE /* RegisterView.swift */,
				A9L600002012000100059F79 /* StudentWelcomeOnboardingView.swift */,
				A6AD75082FFB20B800C2A92F /* AdminHomeView.swift */,
				A9L600022012000200059F79 /* StudentsAdminView.swift */,
				A9L700002013000100059F79 /* SuperAdminDashboardView.swift */,
				A9L800002014000100059F79 /* TutorApplicationView.swift */,
				A6AD750A2FFB215800C2A92F /* UploadLessonView.swift */,
				A9LB00002016000100059F79 /* UploadLibraryBookView.swift */,
				A9LB00022016000200059F79 /* LibraryBookReviewView.swift */,
				A653EFF9300265CA00059F79 /* EmailVerificationView.swift */,
				A9S30000200F000100059F79 /* ResetPasswordConfirmView.swift */,
			);
			path = Authentication;
			sourceTree = "<group>";
		};
/* End PBXGroup section */

/* Begin PBXNativeTarget section */
		A65408252FF9BFB000FE3C33 /* Tricon Academy App */ = {
			isa = PBXNativeTarget;
			buildConfigurationList = A654084F2FF9BFB400FE3C33 /* Build configuration list for PBXNativeTarget "Tricon Academy App" */;
			buildPhases = (
				A65408222FF9BFB000FE3C33 /* Sources */,
				A65408232FF9BFB000FE3C33 /* Frameworks */,
				A65408242FF9BFB000FE3C33 /* Resources */,
			);
			buildRules = (
			);
			dependencies = (
			);
			name = "Tricon Academy App";
			productName = "Tricon Academy App";
			productReference = A65408262FF9BFB000FE3C33 /* Tricon Academy App.app */;
			productType = "com.apple.product-type.application";
		};
		A654083A2FF9BFB400FE3C33 /* Tricon Academy AppTests */ = {
			isa = PBXNativeTarget;
			buildConfigurationList = A65408522FF9BFB400FE3C33 /* Build configuration list for PBXNativeTarget "Tricon Academy AppTests" */;
			buildPhases = (
				A65408372FF9BFB400FE3C33 /* Sources */,
				A65408382FF9BFB400FE3C33 /* Frameworks */,
				A65408392FF9BFB400FE3C33 /* Resources */,
			);
			buildRules = (
			);
			dependencies = (
				A654083D2FF9BFB400FE3C33 /* PBXTargetDependency */,
			);
			name = "Tricon Academy AppTests";
			productName = "Tricon Academy AppTests";
			productReference = A654083B2FF9BFB400FE3C33 /* Tricon Academy AppTests.xctest */;
			productType = "com.apple.product-type.bundle.unit-test";
		};
		A65408442FF9BFB400FE3C33 /* Tricon Academy AppUITests */ = {
			isa = PBXNativeTarget;
			buildConfigurationList = A65408552FF9BFB400FE3C33 /* Build configuration list for PBXNativeTarget "Tricon Academy AppUITests" */;
			buildPhases = (
				A65408412FF9BFB400FE3C33 /* Sources */,
				A65408422FF9BFB400FE3C33 /* Frameworks */,
				A65408432FF9BFB400FE3C33 /* Resources */,
			);
			buildRules = (
			);
			dependencies = (
				A65408472FF9BFB400FE3C33 /* PBXTargetDependency */,
			);
			name = "Tricon Academy AppUITests";
			productName = "Tricon Academy AppUITests";
			productReference = A65408452FF9BFB400FE3C33 /* Tricon Academy AppUITests.xctest */;
			productType = "com.apple.product-type.bundle.ui-testing";
		};
/* End PBXNativeTarget section */

/* Begin PBXProject section */
		A654081E2FF9BFAF00FE3C33 /* Project object */ = {
			isa = PBXProject;
			attributes = {
				BuildIndependentTargetsInParallel = 1;
				LastSwiftUpdateCheck = 1420;
				LastUpgradeCheck = 1420;
				TargetAttributes = {
					A65408252FF9BFB000FE3C33 = {
						CreatedOnToolsVersion = 14.2;
					};
					A654083A2FF9BFB400FE3C33 = {
						CreatedOnToolsVersion = 14.2;
						TestTargetID = A65408252FF9BFB000FE3C33;
					};
					A65408442FF9BFB400FE3C33 = {
						CreatedOnToolsVersion = 14.2;
						TestTargetID = A65408252FF9BFB000FE3C33;
					};
				};
			};
			buildConfigurationList = A65408212FF9BFAF00FE3C33 /* Build configuration list for PBXProject "Tricon Academy App" */;
			compatibilityVersion = "Xcode 14.0";
			developmentRegion = en;
			hasScannedForEncodings = 0;
			knownRegions = (
				en,
				Base,
			);
			mainGroup = A654081D2FF9BFAF00FE3C33;
			productRefGroup = A65408272FF9BFB000FE3C33 /* Products */;
			projectDirPath = "";
			projectRoot = "";
			targets = (
				A65408252FF9BFB000FE3C33 /* Tricon Academy App */,
				A654083A2FF9BFB400FE3C33 /* Tricon Academy AppTests */,
				A65408442FF9BFB400FE3C33 /* Tricon Academy AppUITests */,
			);
		};
/* End PBXProject section */

/* Begin PBXResourcesBuildPhase section */
		A65408242FF9BFB000FE3C33 /* Resources */ = {
			isa = PBXResourcesBuildPhase;
			buildActionMask = 2147483647;
			files = (
				A65408312FF9BFB300FE3C33 /* Preview Assets.xcassets in Resources */,
				A654082E2FF9BFB300FE3C33 /* Assets.xcassets in Resources */,
			);
			runOnlyForDeploymentPostprocessing = 0;
		};
		A65408392FF9BFB400FE3C33 /* Resources */ = {
			isa = PBXResourcesBuildPhase;
			buildActionMask = 2147483647;
			files = (
			);
			runOnlyForDeploymentPostprocessing = 0;
		};
		A65408432FF9BFB400FE3C33 /* Resources */ = {
			isa = PBXResourcesBuildPhase;
			buildActionMask = 2147483647;
			files = (
			);
			runOnlyForDeploymentPostprocessing = 0;
		};
/* End PBXResourcesBuildPhase section */

/* Begin PBXSourcesBuildPhase section */
		A65408222FF9BFB000FE3C33 /* Sources */ = {
			isa = PBXSourcesBuildPhase;
			buildActionMask = 2147483647;
			files = (
				A653EFF8300260DD00059F79 /* SavedItemsView.swift in Sources */,
				A60945772FFA6512000482FF /* HomeView.swift in Sources */,
				A6AD750B2FFB215800C2A92F /* UploadLessonView.swift in Sources */,
				A67115CE2FFA3FBF008822FE /* LoginView.swift in Sources */,
				A60945842FFAF330000482FF /* PDFViewerScreen.swift in Sources */,
				A653EFF230025F3A00059F79 /* StatsManager.swift in Sources */,
				A653EFF03001FE9300059F79 /* PapersLibraryView.swift in Sources */,
				A653EFF63002609300059F79 /* BrowseLevelsView.swift in Sources */,
				A67115CA2FFA3F69008822FE /* Onboarding.swift in Sources */,
				A67115CC2FFA3F91008822FE /* RegisterView.swift in Sources */,
				A609457A2FFAEDF3000482FF /* CurriculumModels.swift in Sources */,
				A653EFEE3001D74B00059F79 /* SubjectCardView.swift in Sources */,
				A60945802FFAF1D5000482FF /* SubjectListView.swift in Sources */,
				A609457C2FFAEF77000482FF /* CurriculumData.swift in Sources */,
				A654082A2FF9BFB000FE3C33 /* Tricon_Academy_AppApp.swift in Sources */,
				A6AD75092FFB20B800C2A92F /* AdminHomeView.swift in Sources */,
				A60945732FFA6272000482FF /* User.swift in Sources */,
				A60945752FFA6313000482FF /* AuthManger.swift in Sources */,
				A653EFFA300265CA00059F79 /* EmailVerificationView.swift in Sources */,
				A60945822FFAF2D8000482FF /* ContentHubView.swift in Sources */,
				A653EFEC3001D6B000059F79 /* OptionalsListView.swift in Sources */,
				A60945862FFAF396000482FF /* VideoPlayerScreen.swift in Sources */,
				A6B1C0013003A00100059F79 /* MainTabView.swift in Sources */,
				A6B1C0033003A00200059F79 /* ProfileView.swift in Sources */,
				A6B1C0053003A00300059F79 /* BrowseView.swift in Sources */,
				A7E10001200A000100059F79 /* EmailConfig.swift in Sources */,
				A7E10003200A000200059F79 /* EmailService.swift in Sources */,
				A8F10001200B000100059F79 /* SavedItemsManager.swift in Sources */,
				A8F10003200B000200059F79 /* ContentLibrary.swift in Sources */,
				A9C10001200C000100059F79 /* AppSettings.swift in Sources */,
				A9C10003200C000200059F79 /* SettingsView.swift in Sources */,
				A9D100012016000100059F79 /* DesignSystem.swift in Sources */,
				A9S20001200E000100059F79 /* SupabaseConfig.swift in Sources */,
				A9S20003200E000200059F79 /* SupabaseClient.swift in Sources */,
				A9S20005200E000300059F79 /* SupabaseModels.swift in Sources */,
				A9S30001200F000100059F79 /* ResetPasswordConfirmView.swift in Sources */,
				A9L400012010000100059F79 /* LevelPickerComponents.swift in Sources */,
				A9L500012011000100059F79 /* LibraryModels.swift in Sources */,
				A9L500032011000200059F79 /* TriconAcademyLibraryView.swift in Sources */,
				A9L600012012000100059F79 /* StudentWelcomeOnboardingView.swift in Sources */,
				A9L600032012000200059F79 /* StudentsAdminView.swift in Sources */,
				A9L700012013000100059F79 /* SuperAdminDashboardView.swift in Sources */,
				A9L800012014000100059F79 /* TutorApplicationView.swift in Sources */,
				A9L800032014000200059F79 /* AcademySupport.swift in Sources */,
				A9L900012015000100059F79 /* LibraryBookStore.swift in Sources */,
				A9LB00012016000100059F79 /* UploadLibraryBookView.swift in Sources */,
				A9LB00032016000200059F79 /* LibraryBookReviewView.swift in Sources */,
			);
			runOnlyForDeploymentPostprocessing = 0;
		};
		A65408372FF9BFB400FE3C33 /* Sources */ = {
			isa = PBXSourcesBuildPhase;
			buildActionMask = 2147483647;
			files = (
				A65408402FF9BFB400FE3C33 /* Tricon_Academy_AppTests.swift in Sources */,
			);
			runOnlyForDeploymentPostprocessing = 0;
		};
		A65408412FF9BFB400FE3C33 /* Sources */ = {
			isa = PBXSourcesBuildPhase;
			buildActionMask = 2147483647;
			files = (
				A654084C2FF9BFB400FE3C33 /* Tricon_Academy_AppUITestsLaunchTests.swift in Sources */,
				A654084A2FF9BFB400FE3C33 /* Tricon_Academy_AppUITests.swift in Sources */,
			);
			runOnlyForDeploymentPostprocessing = 0;
		};
/* End PBXSourcesBuildPhase section */

/* Begin PBXTargetDependency section */
		A654083D2FF9BFB400FE3C33 /* PBXTargetDependency */ = {
			isa = PBXTargetDependency;
			target = A65408252FF9BFB000FE3C33 /* Tricon Academy App */;
			targetProxy = A654083C2FF9BFB400FE3C33 /* PBXContainerItemProxy */;
		};
		A65408472FF9BFB400FE3C33 /* PBXTargetDependency */ = {
			isa = PBXTargetDependency;
			target = A65408252FF9BFB000FE3C33 /* Tricon Academy App */;
			targetProxy = A65408462FF9BFB400FE3C33 /* PBXContainerItemProxy */;
		};
/* End PBXTargetDependency section */

/* Begin XCBuildConfiguration section */
		A654084D2FF9BFB400FE3C33 /* Debug */ = {
			isa = XCBuildConfiguration;
			buildSettings = {
				ALWAYS_SEARCH_USER_PATHS = NO;
				CLANG_ANALYZER_NONNULL = YES;
				CLANG_ANALYZER_NUMBER_OBJECT_CONVERSION = YES_AGGRESSIVE;
				CLANG_CXX_LANGUAGE_STANDARD = "gnu++20";
				CLANG_ENABLE_MODULES = YES;
				CLANG_ENABLE_OBJC_ARC = YES;
				CLANG_ENABLE_OBJC_WEAK = YES;
				CLANG_WARN_BLOCK_CAPTURE_AUTORELEASING = YES;
				CLANG_WARN_BOOL_CONVERSION = YES;
				CLANG_WARN_COMMA = YES;
				CLANG_WARN_CONSTANT_CONVERSION = YES;
				CLANG_WARN_DEPRECATED_OBJC_IMPLEMENTATIONS = YES;
				CLANG_WARN_DIRECT_OBJC_ISA_USAGE = YES_ERROR;
				CLANG_WARN_DOCUMENTATION_COMMENTS = YES;
				CLANG_WARN_EMPTY_BODY = YES;
				CLANG_WARN_ENUM_CONVERSION = YES;
				CLANG_WARN_INFINITE_RECURSION = YES;
				CLANG_WARN_INT_CONVERSION = YES;
				CLANG_WARN_NON_LITERAL_NULL_CONVERSION = YES;
				CLANG_WARN_OBJC_IMPLICIT_RETAIN_SELF = YES;
				CLANG_WARN_OBJC_LITERAL_CONVERSION = YES;
				CLANG_WARN_OBJC_ROOT_CLASS = YES_ERROR;
				CLANG_WARN_QUOTED_INCLUDE_IN_FRAMEWORK_HEADER = YES;
				CLANG_WARN_RANGE_LOOP_ANALYSIS = YES;
				CLANG_WARN_STRICT_PROTOTYPES = YES;
				CLANG_WARN_SUSPICIOUS_MOVE = YES;
				CLANG_WARN_UNGUARDED_AVAILABILITY = YES_AGGRESSIVE;
				CLANG_WARN_UNREACHABLE_CODE = YES;
				CLANG_WARN__DUPLICATE_METHOD_MATCH = YES;
				COPY_PHASE_STRIP = NO;
				DEBUG_INFORMATION_FORMAT = dwarf;
				ENABLE_STRICT_OBJC_MSGSEND = YES;
				ENABLE_TESTABILITY = YES;
				GCC_C_LANGUAGE_STANDARD = gnu11;
				GCC_DYNAMIC_NO_PIC = NO;
				GCC_NO_COMMON_BLOCKS = YES;
				GCC_OPTIMIZATION_LEVEL = 0;
				GCC_PREPROCESSOR_DEFINITIONS = (
					"DEBUG=1",
					"$(inherited)",
				);
				GCC_WARN_64_TO_32_BIT_CONVERSION = YES;
				GCC_WARN_ABOUT_RETURN_TYPE = YES_ERROR;
				GCC_WARN_UNDECLARED_SELECTOR = YES;
				GCC_WARN_UNINITIALIZED_AUTOS = YES_AGGRESSIVE;
				GCC_WARN_UNUSED_FUNCTION = YES;
				GCC_WARN_UNUSED_VARIABLE = YES;
				IPHONEOS_DEPLOYMENT_TARGET = 16.2;
				MTL_ENABLE_DEBUG_INFO = INCLUDE_SOURCE;
				MTL_FAST_MATH = YES;
				ONLY_ACTIVE_ARCH = YES;
				SDKROOT = iphoneos;
				SWIFT_ACTIVE_COMPILATION_CONDITIONS = DEBUG;
				SWIFT_OPTIMIZATION_LEVEL = "-Onone";
			};
			name = Debug;
		};
		A654084E2FF9BFB400FE3C33 /* Release */ = {
			isa = XCBuildConfiguration;
			buildSettings = {
				ALWAYS_SEARCH_USER_PATHS = NO;
				CLANG_ANALYZER_NONNULL = YES;
				CLANG_ANALYZER_NUMBER_OBJECT_CONVERSION = YES_AGGRESSIVE;
				CLANG_CXX_LANGUAGE_STANDARD = "gnu++20";
				CLANG_ENABLE_MODULES = YES;
				CLANG_ENABLE_OBJC_ARC = YES;
				CLANG_ENABLE_OBJC_WEAK = YES;
				CLANG_WARN_BLOCK_CAPTURE_AUTORELEASING = YES;
				CLANG_WARN_BOOL_CONVERSION = YES;
				CLANG_WARN_COMMA = YES;
				CLANG_WARN_CONSTANT_CONVERSION = YES;
				CLANG_WARN_DEPRECATED_OBJC_IMPLEMENTATIONS = YES;
				CLANG_WARN_DIRECT_OBJC_ISA_USAGE = YES_ERROR;
				CLANG_WARN_DOCUMENTATION_COMMENTS = YES;
				CLANG_WARN_EMPTY_BODY = YES;
				CLANG_WARN_ENUM_CONVERSION = YES;
				CLANG_WARN_INFINITE_RECURSION = YES;
				CLANG_WARN_INT_CONVERSION = YES;
				CLANG_WARN_NON_LITERAL_NULL_CONVERSION = YES;
				CLANG_WARN_OBJC_IMPLICIT_RETAIN_SELF = YES;
				CLANG_WARN_OBJC_LITERAL_CONVERSION = YES;
				CLANG_WARN_OBJC_ROOT_CLASS = YES_ERROR;
				CLANG_WARN_QUOTED_INCLUDE_IN_FRAMEWORK_HEADER = YES;
				CLANG_WARN_RANGE_LOOP_ANALYSIS = YES;
				CLANG_WARN_STRICT_PROTOTYPES = YES;
				CLANG_WARN_SUSPICIOUS_MOVE = YES;
				CLANG_WARN_UNGUARDED_AVAILABILITY = YES_AGGRESSIVE;
				CLANG_WARN_UNREACHABLE_CODE = YES;
				CLANG_WARN__DUPLICATE_METHOD_MATCH = YES;
				COPY_PHASE_STRIP = NO;
				DEBUG_INFORMATION_FORMAT = "dwarf-with-dsym";
				ENABLE_NS_ASSERTIONS = NO;
				ENABLE_STRICT_OBJC_MSGSEND = YES;
				GCC_C_LANGUAGE_STANDARD = gnu11;
				GCC_NO_COMMON_BLOCKS = YES;
				GCC_WARN_64_TO_32_BIT_CONVERSION = YES;
				GCC_WARN_ABOUT_RETURN_TYPE = YES_ERROR;
				GCC_WARN_UNDECLARED_SELECTOR = YES;
				GCC_WARN_UNINITIALIZED_AUTOS = YES_AGGRESSIVE;
				GCC_WARN_UNUSED_FUNCTION = YES;
				GCC_WARN_UNUSED_VARIABLE = YES;
				IPHONEOS_DEPLOYMENT_TARGET = 16.2;
				MTL_ENABLE_DEBUG_INFO = NO;
				MTL_FAST_MATH = YES;
				SDKROOT = iphoneos;
				SWIFT_COMPILATION_MODE = wholemodule;
				SWIFT_OPTIMIZATION_LEVEL = "-O";
				VALIDATE_PRODUCT = YES;
			};
			name = Release;
		};
		A65408502FF9BFB400FE3C33 /* Debug */ = {
			isa = XCBuildConfiguration;
			buildSettings = {
				ASSETCATALOG_COMPILER_APPICON_NAME = AppIcon;
				ASSETCATALOG_COMPILER_GLOBAL_ACCENT_COLOR_NAME = AccentColor;
				CODE_SIGN_ENTITLEMENTS = "Tricon Academy App/Tricon_Academy_App.entitlements";
				CODE_SIGN_STYLE = Automatic;
				CURRENT_PROJECT_VERSION = 1;
				DEVELOPMENT_ASSET_PATHS = "\"Tricon Academy App/Preview Content\"";
				DEVELOPMENT_TEAM = 3DT8ZB9MT7;
				ENABLE_PREVIEWS = YES;
				GENERATE_INFOPLIST_FILE = YES;
				INFOPLIST_FILE = "Tricon Academy App/Info.plist";
				INFOPLIST_KEY_UIApplicationSceneManifest_Generation = YES;
				INFOPLIST_KEY_UIApplicationSupportsIndirectInputEvents = YES;
				INFOPLIST_KEY_UILaunchScreen_Generation = YES;
				INFOPLIST_KEY_UISupportedInterfaceOrientations_iPad = "UIInterfaceOrientationPortrait UIInterfaceOrientationPortraitUpsideDown UIInterfaceOrientationLandscapeLeft UIInterfaceOrientationLandscapeRight";
				INFOPLIST_KEY_UISupportedInterfaceOrientations_iPhone = "UIInterfaceOrientationPortrait UIInterfaceOrientationLandscapeLeft UIInterfaceOrientationLandscapeRight";
				LD_RUNPATH_SEARCH_PATHS = (
					"$(inherited)",
					"@executable_path/Frameworks",
				);
				MARKETING_VERSION = 1.0;
				PRODUCT_BUNDLE_IDENTIFIER = "com.moses.Tricon-Academy-App";
				PRODUCT_NAME = "$(TARGET_NAME)";
				SWIFT_EMIT_LOC_STRINGS = YES;
				SWIFT_VERSION = 5.0;
				TARGETED_DEVICE_FAMILY = "1,2";
			};
			name = Debug;
		};
		A65408512FF9BFB400FE3C33 /* Release */ = {
			isa = XCBuildConfiguration;
			buildSettings = {
				ASSETCATALOG_COMPILER_APPICON_NAME = AppIcon;
				ASSETCATALOG_COMPILER_GLOBAL_ACCENT_COLOR_NAME = AccentColor;
				CODE_SIGN_ENTITLEMENTS = "Tricon Academy App/Tricon_Academy_App.entitlements";
				CODE_SIGN_STYLE = Automatic;
				CURRENT_PROJECT_VERSION = 1;
				DEVELOPMENT_ASSET_PATHS = "\"Tricon Academy App/Preview Content\"";
				DEVELOPMENT_TEAM = 3DT8ZB9MT7;
				ENABLE_PREVIEWS = YES;
				GENERATE_INFOPLIST_FILE = YES;
				INFOPLIST_FILE = "Tricon Academy App/Info.plist";
				INFOPLIST_KEY_UIApplicationSceneManifest_Generation = YES;
				INFOPLIST_KEY_UIApplicationSupportsIndirectInputEvents = YES;
				INFOPLIST_KEY_UILaunchScreen_Generation = YES;
				INFOPLIST_KEY_UISupportedInterfaceOrientations_iPad = "UIInterfaceOrientationPortrait UIInterfaceOrientationPortraitUpsideDown UIInterfaceOrientationLandscapeLeft UIInterfaceOrientationLandscapeRight";
				INFOPLIST_KEY_UISupportedInterfaceOrientations_iPhone = "UIInterfaceOrientationPortrait UIInterfaceOrientationLandscapeLeft UIInterfaceOrientationLandscapeRight";
				LD_RUNPATH_SEARCH_PATHS = (
					"$(inherited)",
					"@executable_path/Frameworks",
				);
				MARKETING_VERSION = 1.0;
				PRODUCT_BUNDLE_IDENTIFIER = "com.moses.Tricon-Academy-App";
				PRODUCT_NAME = "$(TARGET_NAME)";
				SWIFT_EMIT_LOC_STRINGS = YES;
				SWIFT_VERSION = 5.0;
				TARGETED_DEVICE_FAMILY = "1,2";
			};
			name = Release;
		};
		A65408532FF9BFB400FE3C33 /* Debug */ = {
			isa = XCBuildConfiguration;
			buildSettings = {
				ALWAYS_EMBED_SWIFT_STANDARD_LIBRARIES = YES;
				BUNDLE_LOADER = "$(TEST_HOST)";
				CODE_SIGN_STYLE = Automatic;
				CURRENT_PROJECT_VERSION = 1;
				DEVELOPMENT_TEAM = 3DT8ZB9MT7;
				GENERATE_INFOPLIST_FILE = YES;
				IPHONEOS_DEPLOYMENT_TARGET = 16.2;
				MARKETING_VERSION = 1.0;
				PRODUCT_BUNDLE_IDENTIFIER = "com.moses.Tricon-Academy-AppTests";
				PRODUCT_NAME = "$(TARGET_NAME)";
				SWIFT_EMIT_LOC_STRINGS = NO;
				SWIFT_VERSION = 5.0;
				TARGETED_DEVICE_FAMILY = "1,2";
				TEST_HOST = "$(BUILT_PRODUCTS_DIR)/Tricon Academy App.app/$(BUNDLE_EXECUTABLE_FOLDER_PATH)/Tricon Academy App";
			};
			name = Debug;
		};
		A65408542FF9BFB400FE3C33 /* Release */ = {
			isa = XCBuildConfiguration;
			buildSettings = {
				ALWAYS_EMBED_SWIFT_STANDARD_LIBRARIES = YES;
				BUNDLE_LOADER = "$(TEST_HOST)";
				CODE_SIGN_STYLE = Automatic;
				CURRENT_PROJECT_VERSION = 1;
				DEVELOPMENT_TEAM = 3DT8ZB9MT7;
				GENERATE_INFOPLIST_FILE = YES;
				IPHONEOS_DEPLOYMENT_TARGET = 16.2;
				MARKETING_VERSION = 1.0;
				PRODUCT_BUNDLE_IDENTIFIER = "com.moses.Tricon-Academy-AppTests";
				PRODUCT_NAME = "$(TARGET_NAME)";
				SWIFT_EMIT_LOC_STRINGS = NO;
				SWIFT_VERSION = 5.0;
				TARGETED_DEVICE_FAMILY = "1,2";
				TEST_HOST = "$(BUILT_PRODUCTS_DIR)/Tricon Academy App.app/$(BUNDLE_EXECUTABLE_FOLDER_PATH)/Tricon Academy App";
			};
			name = Release;
		};
		A65408562FF9BFB400FE3C33 /* Debug */ = {
			isa = XCBuildConfiguration;
			buildSettings = {
				ALWAYS_EMBED_SWIFT_STANDARD_LIBRARIES = YES;
				CODE_SIGN_STYLE = Automatic;
				CURRENT_PROJECT_VERSION = 1;
				DEVELOPMENT_TEAM = 3DT8ZB9MT7;
				GENERATE_INFOPLIST_FILE = YES;
				MARKETING_VERSION = 1.0;
				PRODUCT_BUNDLE_IDENTIFIER = "com.moses.Tricon-Academy-AppUITests";
				PRODUCT_NAME = "$(TARGET_NAME)";
				SWIFT_EMIT_LOC_STRINGS = NO;
				SWIFT_VERSION = 5.0;
				TARGETED_DEVICE_FAMILY = "1,2";
				TEST_TARGET_NAME = "Tricon Academy App";
			};
			name = Debug;
		};
		A65408572FF9BFB400FE3C33 /* Release */ = {
			isa = XCBuildConfiguration;
			buildSettings = {
				ALWAYS_EMBED_SWIFT_STANDARD_LIBRARIES = YES;
				CODE_SIGN_STYLE = Automatic;
				CURRENT_PROJECT_VERSION = 1;
				DEVELOPMENT_TEAM = 3DT8ZB9MT7;
				GENERATE_INFOPLIST_FILE = YES;
				MARKETING_VERSION = 1.0;
				PRODUCT_BUNDLE_IDENTIFIER = "com.moses.Tricon-Academy-AppUITests";
				PRODUCT_NAME = "$(TARGET_NAME)";
				SWIFT_EMIT_LOC_STRINGS = NO;
				SWIFT_VERSION = 5.0;
				TARGETED_DEVICE_FAMILY = "1,2";
				TEST_TARGET_NAME = "Tricon Academy App";
			};
			name = Release;
		};
/* End XCBuildConfiguration section */

/* Begin XCConfigurationList section */
		A65408212FF9BFAF00FE3C33 /* Build configuration list for PBXProject "Tricon Academy App" */ = {
			isa = XCConfigurationList;
			buildConfigurations = (
				A654084D2FF9BFB400FE3C33 /* Debug */,
				A654084E2FF9BFB400FE3C33 /* Release */,
			);
			defaultConfigurationIsVisible = 0;
			defaultConfigurationName = Release;
		};
		A654084F2FF9BFB400FE3C33 /* Build configuration list for PBXNativeTarget "Tricon Academy App" */ = {
			isa = XCConfigurationList;
			buildConfigurations = (
				A65408502FF9BFB400FE3C33 /* Debug */,
				A65408512FF9BFB400FE3C33 /* Release */,
			);
			defaultConfigurationIsVisible = 0;
			defaultConfigurationName = Release;
		};
		A65408522FF9BFB400FE3C33 /* Build configuration list for PBXNativeTarget "Tricon Academy AppTests" */ = {
			isa = XCConfigurationList;
			buildConfigurations = (
				A65408532FF9BFB400FE3C33 /* Debug */,
				A65408542FF9BFB400FE3C33 /* Release */,
			);
			defaultConfigurationIsVisible = 0;
			defaultConfigurationName = Release;
		};
		A65408552FF9BFB400FE3C33 /* Build configuration list for PBXNativeTarget "Tricon Academy AppUITests" */ = {
			isa = XCConfigurationList;
			buildConfigurations = (
				A65408562FF9BFB400FE3C33 /* Debug */,
				A65408572FF9BFB400FE3C33 /* Release */,
			);
			defaultConfigurationIsVisible = 0;
			defaultConfigurationName = Release;
		};
/* End XCConfigurationList section */
	};
	rootObject = A654081E2FF9BFAF00FE3C33 /* Project object */;
}
